// !$*UTF8*$!
{
	archiveVersion = 1;
	classes = {
	};
	objectVersion = 55;
	objects = {

/* Begin PBXBuildFile section */
		AD128E2228B0E4F000B004F2 /* SlowpokeApp.swift in Sources */ = {isa = PBXBuildFile; fileRef = AD128E1228B0E4E800B004F2 /* SlowpokeApp.swift */; };
		AD128E2328B0E4F000B004F2 /* SlowpokeApp.swift in Sources */ = {isa = PBXBuildFile; fileRef = AD128E1228B0E4E800B004F2 /* SlowpokeApp.swift */; };
		AD128E2428B0E4F000B004F2 /* ContentView.swift in Sources */ = {isa = PBXBuildFile; fileRef = AD128E1328B0E4E800B004F2 /* ContentView.swift */; };
		AD128E2528B0E4F000B004F2 /* ContentView.swift in Sources */ = {isa = PBXBuildFile; fileRef = AD128E1328B0E4E800B004F2 /* ContentView.swift */; };
		AD128E2628B0E4F000B004F2 /* Assets.xcassets in Resources */ = {isa = PBXBuildFile; fileRef = AD128E1428B0E4F000B004F2 /* Assets.xcassets */; };
		AD128E2728B0E4F000B004F2 /* Assets.xcassets in Resources */ = {isa = PBXBuildFile; fileRef = AD128E1428B0E4F000B004F2 /* Assets.xcassets */; };
		AD128E3228B15F1500B004F2 /* BluetoothManager.swift in Sources */ = {isa = PBXBuildFile; fileRef = AD128E3128B15F1500B004F2 /* BluetoothManager.swift */; };
		AD128E3328B15F1500B004F2 /* BluetoothManager.swift in Sources */ = {isa = PBXBuildFile; fileRef = AD128E3128B15F1500B004F2 /* BluetoothManager.swift */; };
		AD4483A328BA078A00116D00 /* Constants.swift in Sources */ = {isa = PBXBuildFile; fileRef = AD4483A228BA078A00116D00 /* Constants.swift */; };
		AD4483A428BA078A00116D00 /* Constants.swift in Sources */ = {isa = PBXBuildFile; fileRef = AD4483A228BA078A00116D00 /* Constants.swift */; };
		AD55801C28B997E90027A6FE /* ArrayExtensions.swift in Sources */ = {isa = PBXBuildFile; fileRef = AD55801B28B997E90027A6FE /* ArrayExtensions.swift */; };
		AD55801D28B997E90027A6FE /* ArrayExtensions.swift in Sources */ = {isa = PBXBuildFile; fileRef = AD55801B28B997E90027A6FE /* ArrayExtensions.swift */; };
		AD8321AD28B6FD6C0020375A /* BluetoothMessengerRepository.swift in Sources */ = {isa = PBXBuildFile; fileRef = AD8321AC28B6FD6C0020375A /* BluetoothMessengerRepository.swift */; };
		AD8321AE28B6FD6C0020375A /* BluetoothMessengerRepository.swift in Sources */ = {isa = PBXBuildFile; fileRef = AD8321AC28B6FD6C0020375A /* BluetoothMessengerRepository.swift */; };
		AD8321B028B6FDC10020375A /* MessengerRepository.swift in Sources */ = {isa = PBXBuildFile; fileRef = AD8321AF28B6FDC10020375A /* MessengerRepository.swift */; };
		AD8321B128B6FDC10020375A /* MessengerRepository.swift in Sources */ = {isa = PBXBuildFile; fileRef = AD8321AF28B6FDC10020375A /* MessengerRepository.swift */; };
		AD8321B328B72BE90020375A /* MockMessengerRepository.swift in Sources */ = {isa = PBXBuildFile; fileRef = AD8321B228B72BE90020375A /* MockMessengerRepository.swift */; };
		AD8321B428B72BE90020375A /* MockMessengerRepository.swift in Sources */ = {isa = PBXBuildFile; fileRef = AD8321B228B72BE90020375A /* MockMessengerRepository.swift */; };
		AD85DA5728B98A4800694753 /* Contact.swift in Sources */ = {isa = PBXBuildFile; fileRef = AD85DA5628B98A4800694753 /* Contact.swift */; };
		AD85DA5828B98A4800694753 /* Contact.swift in Sources */ = {isa = PBXBuildFile; fileRef = AD85DA5628B98A4800694753 /* Contact.swift */; };
		AD85DA5A28B98A8900694753 /* Message.swift in Sources */ = {isa = PBXBuildFile; fileRef = AD85DA5928B98A8900694753 /* Message.swift */; };
		AD85DA5B28B98A8900694753 /* Message.swift in Sources */ = {isa = PBXBuildFile; fileRef = AD85DA5928B98A8900694753 /* Message.swift */; };
		AD85DA5D28B98D6000694753 /* ModelExtensions.swift in Sources */ = {isa = PBXBuildFile; fileRef = AD85DA5C28B98D6000694753 /* ModelExtensions.swift */; };
		AD85DA5E28B98D6000694753 /* ModelExtensions.swift in Sources */ = {isa = PBXBuildFile; fileRef = AD85DA5C28B98D6000694753 /* ModelExtensions.swift */; };
		AD8C1EBA28BEC00C00A40CB4 /* Direction.swift in Sources */ = {isa = PBXBuildFile; fileRef = AD8C1EB928BEC00C00A40CB4 /* Direction.swift */; };
		AD8C1EBB28BEC00C00A40CB4 /* Direction.swift in Sources */ = {isa = PBXBuildFile; fileRef = AD8C1EB928BEC00C00A40CB4 /* Direction.swift */; };
		AD8C1EBE28BEDEDF00A40CB4 /* MessageBalloon.swift in Sources */ = {isa = PBXBuildFile; fileRef = AD8C1EBD28BEDEDF00A40CB4 /* MessageBalloon.swift */; };
		AD8C1EBF28BEDEDF00A40CB4 /* MessageBalloon.swift in Sources */ = {isa = PBXBuildFile; fileRef = AD8C1EBD28BEDEDF00A40CB4 /* MessageBalloon.swift */; };
		AD8C1EC128BEDF1700A40CB4 /* MessageTriangleShape.swift in Sources */ = {isa = PBXBuildFile; fileRef = AD8C1EC028BEDF1700A40CB4 /* MessageTriangleShape.swift */; };
		AD8C1EC228BEDF1700A40CB4 /* MessageTriangleShape.swift in Sources */ = {isa = PBXBuildFile; fileRef = AD8C1EC028BEDF1700A40CB4 /* MessageTriangleShape.swift */; };
		AD943B8C28B5E3F10070D440 /* MessageViewData.swift in Sources */ = {isa = PBXBuildFile; fileRef = AD943B8B28B5E3F10070D440 /* MessageViewData.swift */; };
		AD943B8D28B5E3F10070D440 /* MessageViewData.swift in Sources */ = {isa = PBXBuildFile; fileRef = AD943B8B28B5E3F10070D440 /* MessageViewData.swift */; };
		AD943B8F28B6B33D0070D440 /* ViewExtensions.swift in Sources */ = {isa = PBXBuildFile; fileRef = AD943B8E28B6B33D0070D440 /* ViewExtensions.swift */; };
		AD943B9028B6B33D0070D440 /* ViewExtensions.swift in Sources */ = {isa = PBXBuildFile; fileRef = AD943B8E28B6B33D0070D440 /* ViewExtensions.swift */; };
		AD961D6F28B4DA5000F27AA8 /* ConversationView.swift in Sources */ = {isa = PBXBuildFile; fileRef = AD961D6E28B4DA5000F27AA8 /* ConversationView.swift */; };
		AD961D7028B4DA5000F27AA8 /* ConversationView.swift in Sources */ = {isa = PBXBuildFile; fileRef = AD961D6E28B4DA5000F27AA8 /* ConversationView.swift */; };
		AD961D7228B4DC3800F27AA8 /* ContactsView.swift in Sources */ = {isa = PBXBuildFile; fileRef = AD961D7128B4DC3800F27AA8 /* ContactsView.swift */; };
		AD961D7328B4DC3800F27AA8 /* ContactsView.swift in Sources */ = {isa = PBXBuildFile; fileRef = AD961D7128B4DC3800F27AA8 /* ContactsView.swift */; };
		ADACED4928B436F60054E7BE /* ContactViewData.swift in Sources */ = {isa = PBXBuildFile; fileRef = ADACED4828B436F60054E7BE /* ContactViewData.swift */; };
		ADACED4A28B436F60054E7BE /* ContactViewData.swift in Sources */ = {isa = PBXBuildFile; fileRef = ADACED4828B436F60054E7BE /* ContactViewData.swift */; };
		ADACED4C28B4494C0054E7BE /* MessengerViewModel.swift in Sources */ = {isa = PBXBuildFile; fileRef = ADACED4B28B4494C0054E7BE /* MessengerViewModel.swift */; };
		ADACED4D28B4494C0054E7BE /* MessengerViewModel.swift in Sources */ = {isa = PBXBuildFile; fileRef = ADACED4B28B4494C0054E7BE /* MessengerViewModel.swift */; };
		ADF6802228C00CD40072D524 /* TextFieldEditor.swift in Sources */ = {isa = PBXBuildFile; fileRef = ADF6802128C00CD40072D524 /* TextFieldEditor.swift */; };
		ADF6802328C00CD40072D524 /* TextFieldEditor.swift in Sources */ = {isa = PBXBuildFile; fileRef = ADF6802128C00CD40072D524 /* TextFieldEditor.swift */; };
/* End PBXBuildFile section */

/* Begin PBXFileReference section */
		AD128E1228B0E4E800B004F2 /* SlowpokeApp.swift */ = {isa = PBXFileReference; lastKnownFileType = sourcecode.swift; path = SlowpokeApp.swift; sourceTree = "<group>"; };
		AD128E1328B0E4E800B004F2 /* ContentView.swift */ = {isa = PBXFileReference; lastKnownFileType = sourcecode.swift; path = ContentView.swift; sourceTree = "<group>"; };
		AD128E1428B0E4F000B004F2 /* Assets.xcassets */ = {isa = PBXFileReference; lastKnownFileType = folder.assetcatalog; path = Assets.xcassets; sourceTree = "<group>"; };
		AD128E1928B0E4F000B004F2 /* slowpoke.app */ = {isa = PBXFileReference; explicitFileType = wrapper.application; includeInIndex = 0; path = slowpoke.app; sourceTree = BUILT_PRODUCTS_DIR; };
		AD128E1F28B0E4F000B004F2 /* slowpoke.app */ = {isa = PBXFileReference; explicitFileType = wrapper.application; includeInIndex = 0; path = slowpoke.app; sourceTree = BUILT_PRODUCTS_DIR; };
		AD128E2128B0E4F000B004F2 /* macOS.entitlements */ = {isa = PBXFileReference; lastKnownFileType = text.plist.entitlements; path = macOS.entitlements; sourceTree = "<group>"; };
		AD128E3028B0FDFC00B004F2 /* slowpoke--iOS--Info.plist */ = {isa = PBXFileReference; lastKnownFileType = text.plist; path = "slowpoke--iOS--Info.plist"; sourceTree = "<group>"; };
		AD128E3128B15F1500B004F2 /* BluetoothManager.swift */ = {isa = PBXFileReference; lastKnownFileType = sourcecode.swift; path = BluetoothManager.swift; sourceTree = "<group>"; };
		AD4483A228BA078A00116D00 /* Constants.swift */ = {isa = PBXFileReference; lastKnownFileType = sourcecode.swift; path = Constants.swift; sourceTree = "<group>"; };
		AD55801B28B997E90027A6FE /* ArrayExtensions.swift */ = {isa = PBXFileReference; lastKnownFileType = sourcecode.swift; path = ArrayExtensions.swift; sourceTree = "<group>"; };
		AD8321AC28B6FD6C0020375A /* BluetoothMessengerRepository.swift */ = {isa = PBXFileReference; lastKnownFileType = sourcecode.swift; path = BluetoothMessengerRepository.swift; sourceTree = "<group>"; };
		AD8321AF28B6FDC10020375A /* MessengerRepository.swift */ = {isa = PBXFileReference; lastKnownFileType = sourcecode.swift; path = MessengerRepository.swift; sourceTree = "<group>"; };
		AD8321B228B72BE90020375A /* MockMessengerRepository.swift */ = {isa = PBXFileReference; lastKnownFileType = sourcecode.swift; path = MockMessengerRepository.swift; sourceTree = "<group>"; };
		AD85DA5628B98A4800694753 /* Contact.swift */ = {isa = PBXFileReference; lastKnownFileType = sourcecode.swift; path = Contact.swift; sourceTree = "<group>"; };
		AD85DA5928B98A8900694753 /* Message.swift */ = {isa = PBXFileReference; lastKnownFileType = sourcecode.swift; path = Message.swift; sourceTree = "<group>"; };
		AD85DA5C28B98D6000694753 /* ModelExtensions.swift */ = {isa = PBXFileReference; lastKnownFileType = sourcecode.swift; path = ModelExtensions.swift; sourceTree = "<group>"; };
		AD8C1EB928BEC00C00A40CB4 /* Direction.swift */ = {isa = PBXFileReference; lastKnownFileType = sourcecode.swift; path = Direction.swift; sourceTree = "<group>"; };
		AD8C1EBD28BEDEDF00A40CB4 /* MessageBalloon.swift */ = {isa = PBXFileReference; lastKnownFileType = sourcecode.swift; path = MessageBalloon.swift; sourceTree = "<group>"; };
		AD8C1EC028BEDF1700A40CB4 /* MessageTriangleShape.swift */ = {isa = PBXFileReference; lastKnownFileType = sourcecode.swift; path = MessageTriangleShape.swift; sourceTree = "<group>"; };
		AD943B8B28B5E3F10070D440 /* MessageViewData.swift */ = {isa = PBXFileReference; lastKnownFileType = sourcecode.swift; path = MessageViewData.swift; sourceTree = "<group>"; };
		AD943B8E28B6B33D0070D440 /* ViewExtensions.swift */ = {isa = PBXFileReference; lastKnownFileType = sourcecode.swift; path = ViewExtensions.swift; sourceTree = "<group>"; };
		AD961D6E28B4DA5000F27AA8 /* ConversationView.swift */ = {isa = PBXFileReference; lastKnownFileType = sourcecode.swift; path = ConversationView.swift; sourceTree = "<group>"; };
		AD961D7128B4DC3800F27AA8 /* ContactsView.swift */ = {isa = PBXFileReference; lastKnownFileType = sourcecode.swift; path = ContactsView.swift; sourceTree = "<group>"; };
		ADACED4828B436F60054E7BE /* ContactViewData.swift */ = {isa = PBXFileReference; lastKnownFileType = sourcecode.swift; path = ContactViewData.swift; sourceTree = "<group>"; };
		ADACED4B28B4494C0054E7BE /* MessengerViewModel.swift */ = {isa = PBXFileReference; lastKnownFileType = sourcecode.swift; path = MessengerViewModel.swift; sourceTree = "<group>"; };
		ADF6802128C00CD40072D524 /* TextFieldEditor.swift */ = {isa = PBXFileReference; lastKnownFileType = sourcecode.swift; path = TextFieldEditor.swift; sourceTree = "<group>"; };
/* End PBXFileReference section */

/* Begin PBXFrameworksBuildPhase section */
		AD128E1628B0E4F000B004F2 /* Frameworks */ = {
			isa = PBXFrameworksBuildPhase;
			buildActionMask = 2147483647;
			files = (
			);
			runOnlyForDeploymentPostprocessing = 0;
		};
		AD128E1C28B0E4F000B004F2 /* Frameworks */ = {
			isa = PBXFrameworksBuildPhase;
			buildActionMask = 2147483647;
			files = (
			);
			runOnlyForDeploymentPostprocessing = 0;
		};
/* End PBXFrameworksBuildPhase section */

/* Begin PBXGroup section */
		AD128E0C28B0E4E700B004F2 = {
			isa = PBXGroup;
			children = (
				AD128E3028B0FDFC00B004F2 /* slowpoke--iOS--Info.plist */,
				AD128E1128B0E4E800B004F2 /* Shared */,
				AD128E2028B0E4F000B004F2 /* macOS */,
				AD128E1A28B0E4F000B004F2 /* Products */,
			);
			sourceTree = "<group>";
		};
		AD128E1128B0E4E800B004F2 /* Shared */ = {
			isa = PBXGroup;
			children = (
				AD8321AA28B6FBB60020375A /* model */,
				AD8321A928B6FB610020375A /* viewmodel */,
				AD8321A628B6FB070020375A /* view */,
				AD128E1228B0E4E800B004F2 /* SlowpokeApp.swift */,
				AD128E3128B15F1500B004F2 /* BluetoothManager.swift */,
				AD128E1428B0E4F000B004F2 /* Assets.xcassets */,
			);
			path = Shared;
			sourceTree = "<group>";
		};
		AD128E1A28B0E4F000B004F2 /* Products */ = {
			isa = PBXGroup;
			children = (
				AD128E1928B0E4F000B004F2 /* slowpoke.app */,
				AD128E1F28B0E4F000B004F2 /* slowpoke.app */,
			);
			name = Products;
			sourceTree = "<group>";
		};
		AD128E2028B0E4F000B004F2 /* macOS */ = {
			isa = PBXGroup;
			children = (
				AD128E2128B0E4F000B004F2 /* macOS.entitlements */,
			);
			path = macOS;
			sourceTree = "<group>";
		};
		AD8321A628B6FB070020375A /* view */ = {
			isa = PBXGroup;
			children = (
				AD8C1EBC28BEDEA100A40CB4 /* components */,
				AD8321A728B6FB190020375A /* viewdata */,
				AD961D6E28B4DA5000F27AA8 /* ConversationView.swift */,
				AD961D7128B4DC3800F27AA8 /* ContactsView.swift */,
				AD128E1328B0E4E800B004F2 /* ContentView.swift */,
				AD943B8E28B6B33D0070D440 /* ViewExtensions.swift */,
				AD4483A228BA078A00116D00 /* Constants.swift */,
			);
			path = view;
			sourceTree = "<group>";
		};
		AD8321A728B6FB190020375A /* viewdata */ = {
			isa = PBXGroup;
			children = (
				AD943B8B28B5E3F10070D440 /* MessageViewData.swift */,
				ADACED4828B436F60054E7BE /* ContactViewData.swift */,
				AD8C1EB928BEC00C00A40CB4 /* Direction.swift */,
			);
			path = viewdata;
			sourceTree = "<group>";
		};
		AD8321A928B6FB610020375A /* viewmodel */ = {
			isa = PBXGroup;
			children = (
				AD55801B28B997E90027A6FE /* ArrayExtensions.swift */,
				ADACED4B28B4494C0054E7BE /* MessengerViewModel.swift */,
				AD85DA5C28B98D6000694753 /* ModelExtensions.swift */,
			);
			path = viewmodel;
			sourceTree = "<group>";
		};
		AD8321AA28B6FBB60020375A /* model */ = {
			isa = PBXGroup;
			children = (
				AD8321AB28B6FBBF0020375A /* repository */,
				AD85DA5628B98A4800694753 /* Contact.swift */,
				AD85DA5928B98A8900694753 /* Message.swift */,
			);
			path = model;
			sourceTree = "<group>";
		};
		AD8321AB28B6FBBF0020375A /* repository */ = {
			isa = PBXGroup;
			children = (
				AD8321AC28B6FD6C0020375A /* BluetoothMessengerRepository.swift */,
				AD8321AF28B6FDC10020375A /* MessengerRepository.swift */,
				AD8321B228B72BE90020375A /* MockMessengerRepository.swift */,
			);
			path = repository;
			sourceTree = "<group>";
		};
		AD8C1EBC28BEDEA100A40CB4 /* components */ = {
			isa = PBXGroup;
			children = (
				AD8C1EBD28BEDEDF00A40CB4 /* MessageBalloon.swift */,
				AD8C1EC028BEDF1700A40CB4 /* MessageTriangleShape.swift */,
				ADF6802128C00CD40072D524 /* TextFieldEditor.swift */,
			);
			path = components;
			sourceTree = "<group>";
		};
/* End PBXGroup section */

/* Begin PBXNativeTarget section */
		AD128E1828B0E4F000B004F2 /* slowpoke (iOS) */ = {
			isa = PBXNativeTarget;
			buildConfigurationList = AD128E2A28B0E4F000B004F2 /* Build configuration list for PBXNativeTarget "slowpoke (iOS)" */;
			buildPhases = (
				AD128E1528B0E4F000B004F2 /* Sources */,
				AD128E1628B0E4F000B004F2 /* Frameworks */,
				AD128E1728B0E4F000B004F2 /* Resources */,
			);
			buildRules = (
			);
			dependencies = (
			);
			name = "slowpoke (iOS)";
			productName = "slowpoke (iOS)";
			productReference = AD128E1928B0E4F000B004F2 /* slowpoke.app */;
			productType = "com.apple.product-type.application";
		};
		AD128E1E28B0E4F000B004F2 /* slowpoke (macOS) */ = {
			isa = PBXNativeTarget;
			buildConfigurationList = AD128E2D28B0E4F000B004F2 /* Build configuration list for PBXNativeTarget "slowpoke (macOS)" */;
			buildPhases = (
				AD128E1B28B0E4F000B004F2 /* Sources */,
				AD128E1C28B0E4F000B004F2 /* Frameworks */,
				AD128E1D28B0E4F000B004F2 /* Resources */,
			);
			buildRules = (
			);
			dependencies = (
			);
			name = "slowpoke (macOS)";
			productName = "slowpoke (macOS)";
			productReference = AD128E1F28B0E4F000B004F2 /* slowpoke.app */;
			productType = "com.apple.product-type.application";
		};
/* End PBXNativeTarget section */

/* Begin PBXProject section */
		AD128E0D28B0E4E700B004F2 /* Project object */ = {
			isa = PBXProject;
			attributes = {
				BuildIndependentTargetsInParallel = 1;
				LastSwiftUpdateCheck = 1340;
				LastUpgradeCheck = 1340;
				TargetAttributes = {
					AD128E1828B0E4F000B004F2 = {
						CreatedOnToolsVersion = 13.4.1;
					};
					AD128E1E28B0E4F000B004F2 = {
						CreatedOnToolsVersion = 13.4.1;
					};
				};
			};
			buildConfigurationList = AD128E1028B0E4E700B004F2 /* Build configuration list for PBXProject "slowpoke" */;
			compatibilityVersion = "Xcode 13.0";
			developmentRegion = en;
			hasScannedForEncodings = 0;
			knownRegions = (
				en,
				Base,
			);
			mainGroup = AD128E0C28B0E4E700B004F2;
			productRefGroup = AD128E1A28B0E4F000B004F2 /* Products */;
			projectDirPath = "";
			projectRoot = "";
			targets = (
				AD128E1828B0E4F000B004F2 /* slowpoke (iOS) */,
				AD128E1E28B0E4F000B004F2 /* slowpoke (macOS) */,
			);
		};
/* End PBXProject section */

/* Begin PBXResourcesBuildPhase section */
		AD128E1728B0E4F000B004F2 /* Resources */ = {
			isa = PBXResourcesBuildPhase;
			buildActionMask = 2147483647;
			files = (
				AD128E2628B0E4F000B004F2 /* Assets.xcassets in Resources */,
			);
			runOnlyForDeploymentPostprocessing = 0;
		};
		AD128E1D28B0E4F000B004F2 /* Resources */ = {
			isa = PBXResourcesBuildPhase;
			buildActionMask = 2147483647;
			files = (
				AD128E2728B0E4F000B004F2 /* Assets.xcassets in Resources */,
			);
			runOnlyForDeploymentPostprocessing = 0;
		};
/* End PBXResourcesBuildPhase section */

/* Begin PBXSourcesBuildPhase section */
		AD128E1528B0E4F000B004F2 /* Sources */ = {
			isa = PBXSourcesBuildPhase;
			buildActionMask = 2147483647;
			files = (
				AD85DA5728B98A4800694753 /* Contact.swift in Sources */,
				AD4483A328BA078A00116D00 /* Constants.swift in Sources */,
				ADF6802228C00CD40072D524 /* TextFieldEditor.swift in Sources */,
				AD85DA5A28B98A8900694753 /* Message.swift in Sources */,
				AD8321AD28B6FD6C0020375A /* BluetoothMessengerRepository.swift in Sources */,
				AD8321B028B6FDC10020375A /* MessengerRepository.swift in Sources */,
				AD8C1EC128BEDF1700A40CB4 /* MessageTriangleShape.swift in Sources */,
				AD8321B328B72BE90020375A /* MockMessengerRepository.swift in Sources */,
				AD943B8F28B6B33D0070D440 /* ViewExtensions.swift in Sources */,
				AD961D7228B4DC3800F27AA8 /* ContactsView.swift in Sources */,
				ADACED4928B436F60054E7BE /* ContactViewData.swift in Sources */,
				AD128E2428B0E4F000B004F2 /* ContentView.swift in Sources */,
				AD961D6F28B4DA5000F27AA8 /* ConversationView.swift in Sources */,
				AD943B8C28B5E3F10070D440 /* MessageViewData.swift in Sources */,
				ADACED4C28B4494C0054E7BE /* MessengerViewModel.swift in Sources */,
				AD128E3228B15F1500B004F2 /* BluetoothManager.swift in Sources */,
				AD8C1EBE28BEDEDF00A40CB4 /* MessageBalloon.swift in Sources */,
				AD85DA5D28B98D6000694753 /* ModelExtensions.swift in Sources */,
				AD128E2228B0E4F000B004F2 /* SlowpokeApp.swift in Sources */,
				AD55801C28B997E90027A6FE /* ArrayExtensions.swift in Sources */,
				AD8C1EBA28BEC00C00A40CB4 /* Direction.swift in Sources */,
			);
			runOnlyForDeploymentPostprocessing = 0;
		};
		AD128E1B28B0E4F000B004F2 /* Sources */ = {
			isa = PBXSourcesBuildPhase;
			buildActionMask = 2147483647;
			files = (
				AD85DA5828B98A4800694753 /* Contact.swift in Sources */,
				AD4483A428BA078A00116D00 /* Constants.swift in Sources */,
				ADF6802328C00CD40072D524 /* TextFieldEditor.swift in Sources */,
				AD85DA5B28B98A8900694753 /* Message.swift in Sources */,
				AD8321AE28B6FD6C0020375A /* BluetoothMessengerRepository.swift in Sources */,
				AD8321B128B6FDC10020375A /* MessengerRepository.swift in Sources */,
				AD8C1EC228BEDF1700A40CB4 /* MessageTriangleShape.swift in Sources */,
				AD8321B428B72BE90020375A /* MockMessengerRepository.swift in Sources */,
				AD943B9028B6B33D0070D440 /* ViewExtensions.swift in Sources */,
				AD961D7328B4DC3800F27AA8 /* ContactsView.swift in Sources */,
				ADACED4A28B436F60054E7BE /* ContactViewData.swift in Sources */,
				AD128E2528B0E4F000B004F2 /* ContentView.swift in Sources */,
				AD961D7028B4DA5000F27AA8 /* ConversationView.swift in Sources */,
				AD943B8D28B5E3F10070D440 /* MessageViewData.swift in Sources */,
				ADACED4D28B4494C0054E7BE /* MessengerViewModel.swift in Sources */,
				AD128E3328B15F1500B004F2 /* BluetoothManager.swift in Sources */,
				AD8C1EBF28BEDEDF00A40CB4 /* MessageBalloon.swift in Sources */,
				AD85DA5E28B98D6000694753 /* ModelExtensions.swift in Sources */,
				AD128E2328B0E4F000B004F2 /* SlowpokeApp.swift in Sources */,
				AD55801D28B997E90027A6FE /* ArrayExtensions.swift in Sources */,
				AD8C1EBB28BEC00C00A40CB4 /* Direction.swift in Sources */,
			);
			runOnlyForDeploymentPostprocessing = 0;
		};
/* End PBXSourcesBuildPhase section */

/* Begin XCBuildConfiguration section */
		AD128E2828B0E4F000B004F2 /* Debug */ = {
			isa = XCBuildConfiguration;
			buildSettings = {
				ALWAYS_SEARCH_USER_PATHS = NO;
				CLANG_ANALYZER_NONNULL = YES;
				CLANG_ANALYZER_NUMBER_OBJECT_CONVERSION = YES_AGGRESSIVE;
				CLANG_CXX_LANGUAGE_STANDARD = "gnu++17";
				CLANG_ENABLE_MODULES = YES;
				CLANG_ENABLE_OBJC_ARC = YES;
				CLANG_ENABLE_OBJC_WEAK = YES;
				CLANG_WARN_BLOCK_CAPTURE_AUTORELEASING = YES;
				CLANG_WARN_BOOL_CONVERSION = YES;
				CLANG_WARN_COMMA = YES;
				CLANG_WARN_CONSTANT_CONVERSION = YES;
				CLANG_WARN_DEPRECATED_OBJC_IMPLEMENTATIONS = YES;
				CLANG_WARN_DIRECT_OBJC_ISA_USAGE = YES_ERROR;
				CLANG_WARN_DOCUMENTATION_COMMENTS = YES;
				CLANG_WARN_EMPTY_BODY = YES;
				CLANG_WARN_ENUM_CONVERSION = YES;
				CLANG_WARN_INFINITE_RECURSION = YES;
				CLANG_WARN_INT_CONVERSION = YES;
				CLANG_WARN_NON_LITERAL_NULL_CONVERSION = YES;
				CLANG_WARN_OBJC_IMPLICIT_RETAIN_SELF = YES;
				CLANG_WARN_OBJC_LITERAL_CONVERSION = YES;
				CLANG_WARN_OBJC_ROOT_CLASS = YES_ERROR;
				CLANG_WARN_QUOTED_INCLUDE_IN_FRAMEWORK_HEADER = YES;
				CLANG_WARN_RANGE_LOOP_ANALYSIS = YES;
				CLANG_WARN_STRICT_PROTOTYPES = YES;
				CLANG_WARN_SUSPICIOUS_MOVE = YES;
				CLANG_WARN_UNGUARDED_AVAILABILITY = YES_AGGRESSIVE;
				CLANG_WARN_UNREACHABLE_CODE = YES;
				CLANG_WARN__DUPLICATE_METHOD_MATCH = YES;
				COPY_PHASE_STRIP = NO;
				DEBUG_INFORMATION_FORMAT = dwarf;
				ENABLE_STRICT_OBJC_MSGSEND = YES;
				ENABLE_TESTABILITY = YES;
				GCC_C_LANGUAGE_STANDARD = gnu11;
				GCC_DYNAMIC_NO_PIC = NO;
				GCC_NO_COMMON_BLOCKS = YES;
				GCC_OPTIMIZATION_LEVEL = 0;
				GCC_PREPROCESSOR_DEFINITIONS = (
					"DEBUG=1",
					"$(inherited)",
				);
				GCC_WARN_64_TO_32_BIT_CONVERSION = YES;
				GCC_WARN_ABOUT_RETURN_TYPE = YES_ERROR;
				GCC_WARN_UNDECLARED_SELECTOR = YES;
				GCC_WARN_UNINITIALIZED_AUTOS = YES_AGGRESSIVE;
				GCC_WARN_UNUSED_FUNCTION = YES;
				GCC_WARN_UNUSED_VARIABLE = YES;
				MTL_ENABLE_DEBUG_INFO = INCLUDE_SOURCE;
				MTL_FAST_MATH = YES;
				ONLY_ACTIVE_ARCH = YES;
				SWIFT_ACTIVE_COMPILATION_CONDITIONS = DEBUG;
				SWIFT_OPTIMIZATION_LEVEL = "-Onone";
			};
			name = Debug;
		};
		AD128E2928B0E4F000B004F2 /* Release */ = {
			isa = XCBuildConfiguration;
			buildSettings = {
				ALWAYS_SEARCH_USER_PATHS = NO;
				CLANG_ANALYZER_NONNULL = YES;
				CLANG_ANALYZER_NUMBER_OBJECT_CONVERSION = YES_AGGRESSIVE;
				CLANG_CXX_LANGUAGE_STANDARD = "gnu++17";
				CLANG_ENABLE_MODULES = YES;
				CLANG_ENABLE_OBJC_ARC = YES;
				CLANG_ENABLE_OBJC_WEAK = YES;
				CLANG_WARN_BLOCK_CAPTURE_AUTORELEASING = YES;
				CLANG_WARN_BOOL_CONVERSION = YES;
				CLANG_WARN_COMMA = YES;
				CLANG_WARN_CONSTANT_CONVERSION = YES;
				CLANG_WARN_DEPRECATED_OBJC_IMPLEMENTATIONS = YES;
				CLANG_WARN_DIRECT_OBJC_ISA_USAGE = YES_ERROR;
				CLANG_WARN_DOCUMENTATION_COMMENTS = YES;
				CLANG_WARN_EMPTY_BODY = YES;
				CLANG_WARN_ENUM_CONVERSION = YES;
				CLANG_WARN_INFINITE_RECURSION = YES;
				CLANG_WARN_INT_CONVERSION = YES;
				CLANG_WARN_NON_LITERAL_NULL_CONVERSION = YES;
				CLANG_WARN_OBJC_IMPLICIT_RETAIN_SELF = YES;
				CLANG_WARN_OBJC_LITERAL_CONVERSION = YES;
				CLANG_WARN_OBJC_ROOT_CLASS = YES_ERROR;
				CLANG_WARN_QUOTED_INCLUDE_IN_FRAMEWORK_HEADER = YES;
				CLANG_WARN_RANGE_LOOP_ANALYSIS = YES;
				CLANG_WARN_STRICT_PROTOTYPES = YES;
				CLANG_WARN_SUSPICIOUS_MOVE = YES;
				CLANG_WARN_UNGUARDED_AVAILABILITY = YES_AGGRESSIVE;
				CLANG_WARN_UNREACHABLE_CODE = YES;
				CLANG_WARN__DUPLICATE_METHOD_MATCH = YES;
				COPY_PHASE_STRIP = NO;
				DEBUG_INFORMATION_FORMAT = "dwarf-with-dsym";
				ENABLE_NS_ASSERTIONS = NO;
				ENABLE_STRICT_OBJC_MSGSEND = YES;
				GCC_C_LANGUAGE_STANDARD = gnu11;
				GCC_NO_COMMON_BLOCKS = YES;
				GCC_WARN_64_TO_32_BIT_CONVERSION = YES;
				GCC_WARN_ABOUT_RETURN_TYPE = YES_ERROR;
				GCC_WARN_UNDECLARED_SELECTOR = YES;
				GCC_WARN_UNINITIALIZED_AUTOS = YES_AGGRESSIVE;
				GCC_WARN_UNUSED_FUNCTION = YES;
				GCC_WARN_UNUSED_VARIABLE = YES;
				MTL_ENABLE_DEBUG_INFO = NO;
				MTL_FAST_MATH = YES;
				SWIFT_COMPILATION_MODE = wholemodule;
				SWIFT_OPTIMIZATION_LEVEL = "-O";
			};
			name = Release;
		};
		AD128E2B28B0E4F000B004F2 /* Debug */ = {
			isa = XCBuildConfiguration;
			buildSettings = {
				ASSETCATALOG_COMPILER_APPICON_NAME = AppIcon;
				ASSETCATALOG_COMPILER_GLOBAL_ACCENT_COLOR_NAME = AccentColor;
				CODE_SIGN_STYLE = Automatic;
				CURRENT_PROJECT_VERSION = 1;
				DEVELOPMENT_TEAM = 3N272GBMGD;
				ENABLE_PREVIEWS = YES;
				GENERATE_INFOPLIST_FILE = YES;
				INFOPLIST_FILE = "slowpoke--iOS--Info.plist";
				INFOPLIST_KEY_CFBundleDisplayName = Slowpoke;
				INFOPLIST_KEY_UIApplicationSceneManifest_Generation = YES;
				INFOPLIST_KEY_UIApplicationSupportsIndirectInputEvents = YES;
				INFOPLIST_KEY_UILaunchScreen_Generation = YES;
				INFOPLIST_KEY_UISupportedInterfaceOrientations_iPad = "UIInterfaceOrientationPortrait UIInterfaceOrientationPortraitUpsideDown UIInterfaceOrientationLandscapeLeft UIInterfaceOrientationLandscapeRight";
				INFOPLIST_KEY_UISupportedInterfaceOrientations_iPhone = "UIInterfaceOrientationPortrait UIInterfaceOrientationLandscapeLeft UIInterfaceOrientationLandscapeRight";
				IPHONEOS_DEPLOYMENT_TARGET = 15.5;
				LD_RUNPATH_SEARCH_PATHS = (
					"$(inherited)",
					"@executable_path/Frameworks",
				);
				MARKETING_VERSION = 1.0;
				PRODUCT_BUNDLE_IDENTIFIER = io.schiar.slowpoke;
				PRODUCT_NAME = slowpoke;
				SDKROOT = iphoneos;
				SWIFT_EMIT_LOC_STRINGS = YES;
				SWIFT_VERSION = 5.0;
				TARGETED_DEVICE_FAMILY = "1,2";
			};
			name = Debug;
		};
		AD128E2C28B0E4F000B004F2 /* Release */ = {
			isa = XCBuildConfiguration;
			buildSettings = {
				ASSETCATALOG_COMPILER_APPICON_NAME = AppIcon;
				ASSETCATALOG_COMPILER_GLOBAL_ACCENT_COLOR_NAME = AccentColor;
				CODE_SIGN_STYLE = Automatic;
				CURRENT_PROJECT_VERSION = 1;
				DEVELOPMENT_TEAM = 3N272GBMGD;
				ENABLE_PREVIEWS = YES;
				GENERATE_INFOPLIST_FILE = YES;
				INFOPLIST_FILE = "slowpoke--iOS--Info.plist";
				INFOPLIST_KEY_CFBundleDisplayName = Slowpoke;
				INFOPLIST_KEY_UIApplicationSceneManifest_Generation = YES;
				INFOPLIST_KEY_UIApplicationSupportsIndirectInputEvents = YES;
				INFOPLIST_KEY_UILaunchScreen_Generation = YES;
				INFOPLIST_KEY_UISupportedInterfaceOrientations_iPad = "UIInterfaceOrientationPortrait UIInterfaceOrientationPortraitUpsideDown UIInterfaceOrientationLandscapeLeft UIInterfaceOrientationLandscapeRight";
				INFOPLIST_KEY_UISupportedInterfaceOrientations_iPhone = "UIInterfaceOrientationPortrait UIInterfaceOrientationLandscapeLeft UIInterfaceOrientationLandscapeRight";
				IPHONEOS_DEPLOYMENT_TARGET = 15.5;
				LD_RUNPATH_SEARCH_PATHS = (
					"$(inherited)",
					"@executable_path/Frameworks",
				);
				MARKETING_VERSION = 1.0;
				PRODUCT_BUNDLE_IDENTIFIER = io.schiar.slowpoke;
				PRODUCT_NAME = slowpoke;
				SDKROOT = iphoneos;
				SWIFT_EMIT_LOC_STRINGS = YES;
				SWIFT_VERSION = 5.0;
				TARGETED_DEVICE_FAMILY = "1,2";
				VALIDATE_PRODUCT = YES;
			};
			name = Release;
		};
		AD128E2E28B0E4F000B004F2 /* Debug */ = {
			isa = XCBuildConfiguration;
			buildSettings = {
				ASSETCATALOG_COMPILER_APPICON_NAME = AppIcon;
				ASSETCATALOG_COMPILER_GLOBAL_ACCENT_COLOR_NAME = AccentColor;
				CODE_SIGN_ENTITLEMENTS = macOS/macOS.entitlements;
				CODE_SIGN_IDENTITY = "Apple Development";
				CODE_SIGN_STYLE = Automatic;
				COMBINE_HIDPI_IMAGES = YES;
				CURRENT_PROJECT_VERSION = 1;
				DEVELOPMENT_TEAM = 3N272GBMGD;
				ENABLE_HARDENED_RUNTIME = YES;
				ENABLE_PREVIEWS = YES;
				GENERATE_INFOPLIST_FILE = YES;
				INFOPLIST_KEY_NSBluetoothAlwaysUsageDescription = "App uses bluetooth to talk and search other contatcs";
				INFOPLIST_KEY_NSHumanReadableCopyright = "";
				LD_RUNPATH_SEARCH_PATHS = (
					"$(inherited)",
					"@executable_path/../Frameworks",
				);
				MACOSX_DEPLOYMENT_TARGET = 12.3;
				MARKETING_VERSION = 1.0;
				PRODUCT_BUNDLE_IDENTIFIER = io.schiar.slowpoke;
				PRODUCT_NAME = slowpoke;
				SDKROOT = macosx;
				SWIFT_EMIT_LOC_STRINGS = YES;
				SWIFT_VERSION = 5.0;
			};
			name = Debug;
		};
		AD128E2F28B0E4F000B004F2 /* Release */ = {
			isa = XCBuildConfiguration;
			buildSettings = {
				ASSETCATALOG_COMPILER_APPICON_NAME = AppIcon;
				ASSETCATALOG_COMPILER_GLOBAL_ACCENT_COLOR_NAME = AccentColor;
				CODE_SIGN_ENTITLEMENTS = macOS/macOS.entitlements;
				CODE_SIGN_IDENTITY = "Apple Development";
				CODE_SIGN_STYLE = Automatic;
				COMBINE_HIDPI_IMAGES = YES;
				CURRENT_PROJECT_VERSION = 1;
				DEVELOPMENT_TEAM = 3N272GBMGD;
				ENABLE_HARDENED_RUNTIME = YES;
				ENABLE_PREVIEWS = YES;
				GENERATE_INFOPLIST_FILE = YES;
				INFOPLIST_KEY_NSBluetoothAlwaysUsageDescription = "App uses bluetooth to talk and search other contatcs";
				INFOPLIST_KEY_NSHumanReadableCopyright = "";
				LD_RUNPATH_SEARCH_PATHS = (
					"$(inherited)",
					"@executable_path/../Frameworks",
				);
				MACOSX_DEPLOYMENT_TARGET = 12.3;
				MARKETING_VERSION = 1.0;
				PRODUCT_BUNDLE_IDENTIFIER = io.schiar.slowpoke;
				PRODUCT_NAME = slowpoke;
				SDKROOT = macosx;
				SWIFT_EMIT_LOC_STRINGS = YES;
				SWIFT_VERSION = 5.0;
			};
			name = Release;
		};
/* End XCBuildConfiguration section */

/* Begin XCConfigurationList section */
		AD128E1028B0E4E700B004F2 /* Build configuration list for PBXProject "slowpoke" */ = {
			isa = XCConfigurationList;
			buildConfigurations = (
				AD128E2828B0E4F000B004F2 /* Debug */,
				AD128E2928B0E4F000B004F2 /* Release */,
			);
			defaultConfigurationIsVisible = 0;
			defaultConfigurationName = Release;
		};
		AD128E2A28B0E4F000B004F2 /* Build configuration list for PBXNativeTarget "slowpoke (iOS)" */ = {
			isa = XCConfigurationList;
			buildConfigurations = (
				AD128E2B28B0E4F000B004F2 /* Debug */,
				AD128E2C28B0E4F000B004F2 /* Release */,
			);
			defaultConfigurationIsVisible = 0;
			defaultConfigurationName = Release;
		};
		AD128E2D28B0E4F000B004F2 /* Build configuration list for PBXNativeTarget "slowpoke (macOS)" */ = {
			isa = XCConfigurationList;
			buildConfigurations = (
				AD128E2E28B0E4F000B004F2 /* Debug */,
				AD128E2F28B0E4F000B004F2 /* Release */,
			);
			defaultConfigurationIsVisible = 0;
			defaultConfigurationName = Release;
		};
/* End XCConfigurationList section */
	};
	rootObject = AD128E0D28B0E4E700B004F2 /* Project object */;
}
